
Microsoft Visual Studio Solution File, Format Version 12.00
# Visual Studio Version 17
VisualStudioVersion = 17.9.34622.214
MinimumVisualStudioVersion = 10.0.40219.1
Project("{FAE04EC0-301F-11D3-BF4B-00C04F79EFBC}") = "LantFarmacii", "LantFarmacii\LantFarmacii.csproj", "{3C4ED6D3-6E4E-446C-9B00-1A5D53C4789A}"
EndProject
Global
	GlobalSection(SolutionConfigurationPlatforms) = preSolution
		Debug|Any CPU = Debug|Any CPU
		Release|Any CPU = Release|Any CPU
	EndGlobalSection
	GlobalSection(ProjectConfigurationPlatforms) = postSolution
		{3C4ED6D3-6E4E-446C-9B00-1A5D53C4789A}.Debug|Any CPU.ActiveCfg = Debug|Any CPU
		{3C4ED6D3-6E4E-446C-9B00-1A5D53C4789A}.Debug|Any CPU.Build.0 = Debug|Any CPU
		{3C4ED6D3-6E4E-446C-9B00-1A5D53C4789A}.Release|Any CPU.ActiveCfg = Release|Any CPU
		{3C4ED6D3-6E4E-446C-9B00-1A5D53C4789A}.Release|Any CPU.Build.0 = Release|Any CPU
	EndGlobalSection
	GlobalSection(SolutionProperties) = preSolution
		HideSolutionNode = FALSE
	EndGlobalSection
	GlobalSection(ExtensibilityGlobals) = postSolution
		SolutionGuid = {6C5FC6BB-24E0-47CB-8CA0-CB577C17FF2B}
	EndGlobalSection
EndGlobal
